
Microsoft Visual Studio Solution File, Format Version 12.00
# Visual Studio 15
VisualStudioVersion = 15.0.27130.2024
MinimumVisualStudioVersion = 10.0.40219.1
Project("{8BC9CEB8-8B4A-11D0-8D11-00A0C91BC942}") = "ViGEmBus", "sys\ViGEmBus.vcxproj", "{040101B0-EE5C-4EF1-99EE-9F81C795C001}"
EndProject
Project("{8BC9CEB8-8B4A-11D0-8D11-00A0C91BC942}") = "ViGEmClient", "lib\ViGEmClient.vcxproj", "{7DB06674-1F4F-464B-8E1C-172E9587F9DC}"
EndProject
Global
	GlobalSection(SolutionConfigurationPlatforms) = preSolution
		Debug (dynamic)|ARM = Debug (dynamic)|ARM
		Debug (dynamic)|ARM64 = Debug (dynamic)|ARM64
		Debug (dynamic)|x64 = Debug (dynamic)|x64
		Debug (dynamic)|x86 = Debug (dynamic)|x86
		Debug (static)|ARM = Debug (static)|ARM
		Debug (static)|ARM64 = Debug (static)|ARM64
		Debug (static)|x64 = Debug (static)|x64
		Debug (static)|x86 = Debug (static)|x86
		Debug|ARM = Debug|ARM
		Debug|ARM64 = Debug|ARM64
		Debug|x64 = Debug|x64
		Debug|x86 = Debug|x86
		Release (dynamic)|ARM = Release (dynamic)|ARM
		Release (dynamic)|ARM64 = Release (dynamic)|ARM64
		Release (dynamic)|x64 = Release (dynamic)|x64
		Release (dynamic)|x86 = Release (dynamic)|x86
		Release (static)|ARM = Release (static)|ARM
		Release (static)|ARM64 = Release (static)|ARM64
		Release (static)|x64 = Release (static)|x64
		Release (static)|x86 = Release (static)|x86
		Release|ARM = Release|ARM
		Release|ARM64 = Release|ARM64
		Release|x64 = Release|x64
		Release|x86 = Release|x86
	EndGlobalSection
	GlobalSection(ProjectConfigurationPlatforms) = postSolution
		{040101B0-EE5C-4EF1-99EE-9F81C795C001}.Debug (dynamic)|ARM.ActiveCfg = Debug|ARM
		{040101B0-EE5C-4EF1-99EE-9F81C795C001}.Debug (dynamic)|ARM.Build.0 = Debug|ARM
		{040101B0-EE5C-4EF1-99EE-9F81C795C001}.Debug (dynamic)|ARM.Deploy.0 = Debug|ARM
		{040101B0-EE5C-4EF1-99EE-9F81C795C001}.Debug (dynamic)|ARM64.ActiveCfg = Debug|ARM64
		{040101B0-EE5C-4EF1-99EE-9F81C795C001}.Debug (dynamic)|ARM64.Build.0 = Debug|ARM64
		{040101B0-EE5C-4EF1-99EE-9F81C795C001}.Debug (dynamic)|ARM64.Deploy.0 = Debug|ARM64
		{040101B0-EE5C-4EF1-99EE-9F81C795C001}.Debug (dynamic)|x64.ActiveCfg = Debug|x64
		{040101B0-EE5C-4EF1-99EE-9F81C795C001}.Debug (dynamic)|x64.Build.0 = Debug|x64
		{040101B0-EE5C-4EF1-99EE-9F81C795C001}.Debug (dynamic)|x64.Deploy.0 = Debug|x64
		{040101B0-EE5C-4EF1-99EE-9F81C795C001}.Debug (dynamic)|x86.ActiveCfg = Debug|Win32
		{040101B0-EE5C-4EF1-99EE-9F81C795C001}.Debug (dynamic)|x86.Build.0 = Debug|Win32
		{040101B0-EE5C-4EF1-99EE-9F81C795C001}.Debug (dynamic)|x86.Deploy.0 = Debug|Win32
		{040101B0-EE5C-4EF1-99EE-9F81C795C001}.Debug (static)|ARM.ActiveCfg = Debug|ARM
		{040101B0-EE5C-4EF1-99EE-9F81C795C001}.Debug (static)|ARM.Build.0 = Debug|ARM
		{040101B0-EE5C-4EF1-99EE-9F81C795C001}.Debug (static)|ARM.Deploy.0 = Debug|ARM
		{040101B0-EE5C-4EF1-99EE-9F81C795C001}.Debug (static)|ARM64.ActiveCfg = Debug|ARM64
		{040101B0-EE5C-4EF1-99EE-9F81C795C001}.Debug (static)|ARM64.Build.0 = Debug|ARM64
		{040101B0-EE5C-4EF1-99EE-9F81C795C001}.Debug (static)|ARM64.Deploy.0 = Debug|ARM64
		{040101B0-EE5C-4EF1-99EE-9F81C795C001}.Debug (static)|x64.ActiveCfg = Debug|x64
		{040101B0-EE5C-4EF1-99EE-9F81C795C001}.Debug (static)|x64.Build.0 = Debug|x64
		{040101B0-EE5C-4EF1-99EE-9F81C795C001}.Debug (static)|x64.Deploy.0 = Debug|x64
		{040101B0-EE5C-4EF1-99EE-9F81C795C001}.Debug (static)|x86.ActiveCfg = Debug|Win32
		{040101B0-EE5C-4EF1-99EE-9F81C795C001}.Debug (static)|x86.Build.0 = Debug|Win32
		{040101B0-EE5C-4EF1-99EE-9F81C795C001}.Debug (static)|x86.Deploy.0 = Debug|Win32
		{040101B0-EE5C-4EF1-99EE-9F81C795C001}.Debug|ARM.ActiveCfg = Debug|ARM
		{040101B0-EE5C-4EF1-99EE-9F81C795C001}.Debug|ARM.Build.0 = Debug|ARM
		{040101B0-EE5C-4EF1-99EE-9F81C795C001}.Debug|ARM.Deploy.0 = Debug|ARM
		{040101B0-EE5C-4EF1-99EE-9F81C795C001}.Debug|ARM64.ActiveCfg = Debug|ARM64
		{040101B0-EE5C-4EF1-99EE-9F81C795C001}.Debug|ARM64.Build.0 = Debug|ARM64
		{040101B0-EE5C-4EF1-99EE-9F81C795C001}.Debug|ARM64.Deploy.0 = Debug|ARM64
		{040101B0-EE5C-4EF1-99EE-9F81C795C001}.Debug|x64.ActiveCfg = Debug|x64
		{040101B0-EE5C-4EF1-99EE-9F81C795C001}.Debug|x64.Build.0 = Debug|x64
		{040101B0-EE5C-4EF1-99EE-9F81C795C001}.Debug|x64.Deploy.0 = Debug|x64
		{040101B0-EE5C-4EF1-99EE-9F81C795C001}.Debug|x86.ActiveCfg = Debug|Win32
		{040101B0-EE5C-4EF1-99EE-9F81C795C001}.Debug|x86.Build.0 = Debug|Win32
		{040101B0-EE5C-4EF1-99EE-9F81C795C001}.Debug|x86.Deploy.0 = Debug|Win32
		{040101B0-EE5C-4EF1-99EE-9F81C795C001}.Release (dynamic)|ARM.ActiveCfg = Release|ARM
		{040101B0-EE5C-4EF1-99EE-9F81C795C001}.Release (dynamic)|ARM.Build.0 = Release|ARM
		{040101B0-EE5C-4EF1-99EE-9F81C795C001}.Release (dynamic)|ARM.Deploy.0 = Release|ARM
		{040101B0-EE5C-4EF1-99EE-9F81C795C001}.Release (dynamic)|ARM64.ActiveCfg = Release|ARM64
		{040101B0-EE5C-4EF1-99EE-9F81C795C001}.Release (dynamic)|ARM64.Build.0 = Release|ARM64
		{040101B0-EE5C-4EF1-99EE-9F81C795C001}.Release (dynamic)|ARM64.Deploy.0 = Release|ARM64
		{040101B0-EE5C-4EF1-99EE-9F81C795C001}.Release (dynamic)|x64.ActiveCfg = Release|x64
		{040101B0-EE5C-4EF1-99EE-9F81C795C001}.Release (dynamic)|x64.Build.0 = Release|x64
		{040101B0-EE5C-4EF1-99EE-9F81C795C001}.Release (dynamic)|x64.Deploy.0 = Release|x64
		{040101B0-EE5C-4EF1-99EE-9F81C795C001}.Release (dynamic)|x86.ActiveCfg = Release|Win32
		{040101B0-EE5C-4EF1-99EE-9F81C795C001}.Release (dynamic)|x86.Build.0 = Release|Win32
		{040101B0-EE5C-4EF1-99EE-9F81C795C001}.Release (dynamic)|x86.Deploy.0 = Release|Win32
		{040101B0-EE5C-4EF1-99EE-9F81C795C001}.Release (static)|ARM.ActiveCfg = Release|ARM
		{040101B0-EE5C-4EF1-99EE-9F81C795C001}.Release (static)|ARM.Build.0 = Release|ARM
		{040101B0-EE5C-4EF1-99EE-9F81C795C001}.Release (static)|ARM.Deploy.0 = Release|ARM
		{040101B0-EE5C-4EF1-99EE-9F81C795C001}.Release (static)|ARM64.ActiveCfg = Release|ARM64
		{040101B0-EE5C-4EF1-99EE-9F81C795C001}.Release (static)|ARM64.Build.0 = Release|ARM64
		{040101B0-EE5C-4EF1-99EE-9F81C795C001}.Release (static)|ARM64.Deploy.0 = Release|ARM64
		{040101B0-EE5C-4EF1-99EE-9F81C795C001}.Release (static)|x64.ActiveCfg = Release|x64
		{040101B0-EE5C-4EF1-99EE-9F81C795C001}.Release (static)|x64.Build.0 = Release|x64
		{040101B0-EE5C-4EF1-99EE-9F81C795C001}.Release (static)|x64.Deploy.0 = Release|x64
		{040101B0-EE5C-4EF1-99EE-9F81C795C001}.Release (static)|x86.ActiveCfg = Release|Win32
		{040101B0-EE5C-4EF1-99EE-9F81C795C001}.Release (static)|x86.Build.0 = Release|Win32
		{040101B0-EE5C-4EF1-99EE-9F81C795C001}.Release (static)|x86.Deploy.0 = Release|Win32
		{040101B0-EE5C-4EF1-99EE-9F81C795C001}.Release|ARM.ActiveCfg = Release|ARM
		{040101B0-EE5C-4EF1-99EE-9F81C795C001}.Release|ARM.Build.0 = Release|ARM
		{040101B0-EE5C-4EF1-99EE-9F81C795C001}.Release|ARM.Deploy.0 = Release|ARM
		{040101B0-EE5C-4EF1-99EE-9F81C795C001}.Release|ARM64.ActiveCfg = Release|ARM64
		{040101B0-EE5C-4EF1-99EE-9F81C795C001}.Release|ARM64.Build.0 = Release|ARM64
		{040101B0-EE5C-4EF1-99EE-9F81C795C001}.Release|ARM64.Deploy.0 = Release|ARM64
		{040101B0-EE5C-4EF1-99EE-9F81C795C001}.Release|x64.ActiveCfg = Release|x64
		{040101B0-EE5C-4EF1-99EE-9F81C795C001}.Release|x64.Build.0 = Release|x64
		{040101B0-EE5C-4EF1-99EE-9F81C795C001}.Release|x64.Deploy.0 = Release|x64
		{040101B0-EE5C-4EF1-99EE-9F81C795C001}.Release|x86.ActiveCfg = Release|Win32
		{040101B0-EE5C-4EF1-99EE-9F81C795C001}.Release|x86.Build.0 = Release|Win32
		{040101B0-EE5C-4EF1-99EE-9F81C795C001}.Release|x86.Deploy.0 = Release|Win32
		{7DB06674-1F4F-464B-8E1C-172E9587F9DC}.Debug (dynamic)|ARM.ActiveCfg = Debug (dynamic)|Win32
		{7DB06674-1F4F-464B-8E1C-172E9587F9DC}.Debug (dynamic)|ARM64.ActiveCfg = Debug (dynamic)|Win32
		{7DB06674-1F4F-464B-8E1C-172E9587F9DC}.Debug (dynamic)|x64.ActiveCfg = Debug (dynamic)|x64
		{7DB06674-1F4F-464B-8E1C-172E9587F9DC}.Debug (dynamic)|x64.Build.0 = Debug (dynamic)|x64
		{7DB06674-1F4F-464B-8E1C-172E9587F9DC}.Debug (dynamic)|x86.ActiveCfg = Debug (dynamic)|Win32
		{7DB06674-1F4F-464B-8E1C-172E9587F9DC}.Debug (dynamic)|x86.Build.0 = Debug (dynamic)|Win32
		{7DB06674-1F4F-464B-8E1C-172E9587F9DC}.Debug (static)|ARM.ActiveCfg = Debug (static)|Win32
		{7DB06674-1F4F-464B-8E1C-172E9587F9DC}.Debug (static)|ARM64.ActiveCfg = Debug (static)|Win32
		{7DB06674-1F4F-464B-8E1C-172E9587F9DC}.Debug (static)|x64.ActiveCfg = Debug (static)|x64
		{7DB06674-1F4F-464B-8E1C-172E9587F9DC}.Debug (static)|x64.Build.0 = Debug (static)|x64
		{7DB06674-1F4F-464B-8E1C-172E9587F9DC}.Debug (static)|x86.ActiveCfg = Debug (static)|Win32
		{7DB06674-1F4F-464B-8E1C-172E9587F9DC}.Debug (static)|x86.Build.0 = Debug (static)|Win32
		{7DB06674-1F4F-464B-8E1C-172E9587F9DC}.Debug|ARM.ActiveCfg = Debug (static)|x64
		{7DB06674-1F4F-464B-8E1C-172E9587F9DC}.Debug|ARM.Build.0 = Debug (static)|x64
		{7DB06674-1F4F-464B-8E1C-172E9587F9DC}.Debug|ARM64.ActiveCfg = Debug (static)|x64
		{7DB06674-1F4F-464B-8E1C-172E9587F9DC}.Debug|ARM64.Build.0 = Debug (static)|x64
		{7DB06674-1F4F-464B-8E1C-172E9587F9DC}.Debug|x64.ActiveCfg = Debug (static)|x64
		{7DB06674-1F4F-464B-8E1C-172E9587F9DC}.Debug|x64.Build.0 = Debug (static)|x64
		{7DB06674-1F4F-464B-8E1C-172E9587F9DC}.Debug|x86.ActiveCfg = Debug (static)|Win32
		{7DB06674-1F4F-464B-8E1C-172E9587F9DC}.Debug|x86.Build.0 = Debug (static)|Win32
		{7DB06674-1F4F-464B-8E1C-172E9587F9DC}.Release (dynamic)|ARM.ActiveCfg = Release (dynamic)|Win32
		{7DB06674-1F4F-464B-8E1C-172E9587F9DC}.Release (dynamic)|ARM64.ActiveCfg = Release (dynamic)|Win32
		{7DB06674-1F4F-464B-8E1C-172E9587F9DC}.Release (dynamic)|x64.ActiveCfg = Release (dynamic)|x64
		{7DB06674-1F4F-464B-8E1C-172E9587F9DC}.Release (dynamic)|x64.Build.0 = Release (dynamic)|x64
		{7DB06674-1F4F-464B-8E1C-172E9587F9DC}.Release (dynamic)|x86.ActiveCfg = Release (dynamic)|Win32
		{7DB06674-1F4F-464B-8E1C-172E9587F9DC}.Release (dynamic)|x86.Build.0 = Release (dynamic)|Win32
		{7DB06674-1F4F-464B-8E1C-172E9587F9DC}.Release (static)|ARM.ActiveCfg = Release (static)|Win32
		{7DB06674-1F4F-464B-8E1C-172E9587F9DC}.Release (static)|ARM64.ActiveCfg = Release (static)|Win32
		{7DB06674-1F4F-464B-8E1C-172E9587F9DC}.Release (static)|x64.ActiveCfg = Release (static)|x64
		{7DB06674-1F4F-464B-8E1C-172E9587F9DC}.Release (static)|x64.Build.0 = Release (static)|x64
		{7DB06674-1F4F-464B-8E1C-172E9587F9DC}.Release (static)|x86.ActiveCfg = Release (static)|Win32
		{7DB06674-1F4F-464B-8E1C-172E9587F9DC}.Release (static)|x86.Build.0 = Release (static)|Win32
		{7DB06674-1F4F-464B-8E1C-172E9587F9DC}.Release|ARM.ActiveCfg = Debug (static)|x64
		{7DB06674-1F4F-464B-8E1C-172E9587F9DC}.Release|ARM.Build.0 = Debug (static)|x64
		{7DB06674-1F4F-464B-8E1C-172E9587F9DC}.Release|ARM64.ActiveCfg = Debug (static)|x64
		{7DB06674-1F4F-464B-8E1C-172E9587F9DC}.Release|ARM64.Build.0 = Debug (static)|x64
		{7DB06674-1F4F-464B-8E1C-172E9587F9DC}.Release|x64.ActiveCfg = Release (static)|x64
		{7DB06674-1F4F-464B-8E1C-172E9587F9DC}.Release|x64.Build.0 = Release (static)|x64
		{7DB06674-1F4F-464B-8E1C-172E9587F9DC}.Release|x86.ActiveCfg = Release (static)|Win32
		{7DB06674-1F4F-464B-8E1C-172E9587F9DC}.Release|x86.Build.0 = Release (static)|Win32
	EndGlobalSection
	GlobalSection(SolutionProperties) = preSolution
		HideSolutionNode = FALSE
	EndGlobalSection
	GlobalSection(ExtensibilityGlobals) = postSolution
		SolutionGuid = {D5CD61FD-80BB-4E0E-840C-BAF66ABB1CF0}
	EndGlobalSection
EndGlobal
