
Microsoft Visual Studio Solution File, Format Version 12.00
# Visual Studio Version 16
VisualStudioVersion = 16.0.29613.14
MinimumVisualStudioVersion = 10.0.40219.1
Project("{8BC9CEB8-8B4A-11D0-8D11-00A0C91BC942}") = "ViGEmBus", "sys\ViGEmBus.vcxproj", "{040101B0-EE5C-4EF1-99EE-9F81C795C001}"
EndProject
Project("{2150E333-8FDC-42A3-9474-1A3956D46DE8}") = "SDK", "SDK", "{733360FF-9D9F-4C67-86D1-B20881C17000}"
EndProject
Project("{2150E333-8FDC-42A3-9474-1A3956D46DE8}") = "Driver", "Driver", "{0182EE0E-A2FB-4525-9FEA-1910B12B21C8}"
EndProject
Project("{8BC9CEB8-8B4A-11D0-8D11-00A0C91BC942}") = "ViGEmClient", "sdk\src\ViGEmClient.vcxproj", "{7DB06674-1F4F-464B-8E1C-172E9587F9DC}"
EndProject
Project("{2150E333-8FDC-42A3-9474-1A3956D46DE8}") = "Setup", "Setup", "{D138F6D3-3E59-49F6-8C6E-1C3AEB56CF7B}"
EndProject
Project("{930C7802-8A8C-48F9-8165-68863BCCD9DD}") = "ViGEmBusSetup", "setup\ViGEmBusSetup.wixproj", "{C722B85E-FC7D-475F-A518-C8E13ECDB201}"
EndProject
Project("{9A19103F-16F7-4668-BE54-9A1E7A4F7556}") = "_build", "build\_build.csproj", "{C2BA387E-D491-4FB7-8BEE-99D77E8949E7}"
EndProject
Global
	GlobalSection(SolutionConfigurationPlatforms) = preSolution
		Debug_DLL|x64 = Debug_DLL|x64
		Debug_DLL|x86 = Debug_DLL|x86
		Debug_LIB|x64 = Debug_LIB|x64
		Debug_LIB|x86 = Debug_LIB|x86
		Debug|x64 = Debug|x64
		Debug|x86 = Debug|x86
		Release_DLL|x64 = Release_DLL|x64
		Release_DLL|x86 = Release_DLL|x86
		Release_LIB|x64 = Release_LIB|x64
		Release_LIB|x86 = Release_LIB|x86
		Release|x64 = Release|x64
		Release|x86 = Release|x86
	EndGlobalSection
	GlobalSection(ProjectConfigurationPlatforms) = postSolution
		{040101B0-EE5C-4EF1-99EE-9F81C795C001}.Debug_DLL|x64.ActiveCfg = Debug|x64
		{040101B0-EE5C-4EF1-99EE-9F81C795C001}.Debug_DLL|x64.Build.0 = Debug|x64
		{040101B0-EE5C-4EF1-99EE-9F81C795C001}.Debug_DLL|x64.Deploy.0 = Debug|x64
		{040101B0-EE5C-4EF1-99EE-9F81C795C001}.Debug_DLL|x86.ActiveCfg = Debug|Win32
		{040101B0-EE5C-4EF1-99EE-9F81C795C001}.Debug_DLL|x86.Build.0 = Debug|Win32
		{040101B0-EE5C-4EF1-99EE-9F81C795C001}.Debug_DLL|x86.Deploy.0 = Debug|Win32
		{040101B0-EE5C-4EF1-99EE-9F81C795C001}.Debug_LIB|x64.ActiveCfg = Debug|x64
		{040101B0-EE5C-4EF1-99EE-9F81C795C001}.Debug_LIB|x64.Build.0 = Debug|x64
		{040101B0-EE5C-4EF1-99EE-9F81C795C001}.Debug_LIB|x64.Deploy.0 = Debug|x64
		{040101B0-EE5C-4EF1-99EE-9F81C795C001}.Debug_LIB|x86.ActiveCfg = Debug|Win32
		{040101B0-EE5C-4EF1-99EE-9F81C795C001}.Debug_LIB|x86.Build.0 = Debug|Win32
		{040101B0-EE5C-4EF1-99EE-9F81C795C001}.Debug_LIB|x86.Deploy.0 = Debug|Win32
		{040101B0-EE5C-4EF1-99EE-9F81C795C001}.Debug|x64.ActiveCfg = Debug|x64
		{040101B0-EE5C-4EF1-99EE-9F81C795C001}.Debug|x64.Build.0 = Debug|x64
		{040101B0-EE5C-4EF1-99EE-9F81C795C001}.Debug|x64.Deploy.0 = Debug|x64
		{040101B0-EE5C-4EF1-99EE-9F81C795C001}.Debug|x86.ActiveCfg = Debug|Win32
		{040101B0-EE5C-4EF1-99EE-9F81C795C001}.Debug|x86.Build.0 = Debug|Win32
		{040101B0-EE5C-4EF1-99EE-9F81C795C001}.Debug|x86.Deploy.0 = Debug|Win32
		{040101B0-EE5C-4EF1-99EE-9F81C795C001}.Release_DLL|x64.ActiveCfg = Release|x64
		{040101B0-EE5C-4EF1-99EE-9F81C795C001}.Release_DLL|x64.Build.0 = Release|x64
		{040101B0-EE5C-4EF1-99EE-9F81C795C001}.Release_DLL|x64.Deploy.0 = Release|x64
		{040101B0-EE5C-4EF1-99EE-9F81C795C001}.Release_DLL|x86.ActiveCfg = Release|Win32
		{040101B0-EE5C-4EF1-99EE-9F81C795C001}.Release_DLL|x86.Build.0 = Release|Win32
		{040101B0-EE5C-4EF1-99EE-9F81C795C001}.Release_DLL|x86.Deploy.0 = Release|Win32
		{040101B0-EE5C-4EF1-99EE-9F81C795C001}.Release_LIB|x64.ActiveCfg = Release|x64
		{040101B0-EE5C-4EF1-99EE-9F81C795C001}.Release_LIB|x64.Build.0 = Release|x64
		{040101B0-EE5C-4EF1-99EE-9F81C795C001}.Release_LIB|x64.Deploy.0 = Release|x64
		{040101B0-EE5C-4EF1-99EE-9F81C795C001}.Release_LIB|x86.ActiveCfg = Release|Win32
		{040101B0-EE5C-4EF1-99EE-9F81C795C001}.Release_LIB|x86.Build.0 = Release|Win32
		{040101B0-EE5C-4EF1-99EE-9F81C795C001}.Release_LIB|x86.Deploy.0 = Release|Win32
		{040101B0-EE5C-4EF1-99EE-9F81C795C001}.Release|x64.ActiveCfg = Release|x64
		{040101B0-EE5C-4EF1-99EE-9F81C795C001}.Release|x64.Build.0 = Release|x64
		{040101B0-EE5C-4EF1-99EE-9F81C795C001}.Release|x64.Deploy.0 = Release|x64
		{040101B0-EE5C-4EF1-99EE-9F81C795C001}.Release|x86.ActiveCfg = Release|Win32
		{040101B0-EE5C-4EF1-99EE-9F81C795C001}.Release|x86.Build.0 = Release|Win32
		{040101B0-EE5C-4EF1-99EE-9F81C795C001}.Release|x86.Deploy.0 = Release|Win32
		{7DB06674-1F4F-464B-8E1C-172E9587F9DC}.Debug_DLL|x64.ActiveCfg = Debug_DLL|x64
		{7DB06674-1F4F-464B-8E1C-172E9587F9DC}.Debug_DLL|x64.Build.0 = Debug_DLL|x64
		{7DB06674-1F4F-464B-8E1C-172E9587F9DC}.Debug_DLL|x86.ActiveCfg = Debug_DLL|Win32
		{7DB06674-1F4F-464B-8E1C-172E9587F9DC}.Debug_DLL|x86.Build.0 = Debug_DLL|Win32
		{7DB06674-1F4F-464B-8E1C-172E9587F9DC}.Debug_LIB|x64.ActiveCfg = Debug_LIB|x64
		{7DB06674-1F4F-464B-8E1C-172E9587F9DC}.Debug_LIB|x64.Build.0 = Debug_LIB|x64
		{7DB06674-1F4F-464B-8E1C-172E9587F9DC}.Debug_LIB|x86.ActiveCfg = Debug_LIB|Win32
		{7DB06674-1F4F-464B-8E1C-172E9587F9DC}.Debug_LIB|x86.Build.0 = Debug_LIB|Win32
		{7DB06674-1F4F-464B-8E1C-172E9587F9DC}.Debug|x64.ActiveCfg = Debug_DLL|x64
		{7DB06674-1F4F-464B-8E1C-172E9587F9DC}.Debug|x64.Build.0 = Debug_DLL|x64
		{7DB06674-1F4F-464B-8E1C-172E9587F9DC}.Debug|x86.ActiveCfg = Debug_LIB|Win32
		{7DB06674-1F4F-464B-8E1C-172E9587F9DC}.Debug|x86.Build.0 = Debug_LIB|Win32
		{7DB06674-1F4F-464B-8E1C-172E9587F9DC}.Release_DLL|x64.ActiveCfg = Release_DLL|x64
		{7DB06674-1F4F-464B-8E1C-172E9587F9DC}.Release_DLL|x64.Build.0 = Release_DLL|x64
		{7DB06674-1F4F-464B-8E1C-172E9587F9DC}.Release_DLL|x86.ActiveCfg = Release_DLL|Win32
		{7DB06674-1F4F-464B-8E1C-172E9587F9DC}.Release_DLL|x86.Build.0 = Release_DLL|Win32
		{7DB06674-1F4F-464B-8E1C-172E9587F9DC}.Release_LIB|x64.ActiveCfg = Release_LIB|x64
		{7DB06674-1F4F-464B-8E1C-172E9587F9DC}.Release_LIB|x64.Build.0 = Release_LIB|x64
		{7DB06674-1F4F-464B-8E1C-172E9587F9DC}.Release_LIB|x86.ActiveCfg = Release_LIB|Win32
		{7DB06674-1F4F-464B-8E1C-172E9587F9DC}.Release_LIB|x86.Build.0 = Release_LIB|Win32
		{7DB06674-1F4F-464B-8E1C-172E9587F9DC}.Release|x64.ActiveCfg = Release_LIB|x64
		{7DB06674-1F4F-464B-8E1C-172E9587F9DC}.Release|x64.Build.0 = Release_LIB|x64
		{7DB06674-1F4F-464B-8E1C-172E9587F9DC}.Release|x86.ActiveCfg = Release_DLL|Win32
		{7DB06674-1F4F-464B-8E1C-172E9587F9DC}.Release|x86.Build.0 = Release_DLL|Win32
		{C722B85E-FC7D-475F-A518-C8E13ECDB201}.Debug_DLL|x64.ActiveCfg = Release|x86
		{C722B85E-FC7D-475F-A518-C8E13ECDB201}.Debug_DLL|x64.Build.0 = Release|x86
		{C722B85E-FC7D-475F-A518-C8E13ECDB201}.Debug_DLL|x86.ActiveCfg = Debug|x86
		{C722B85E-FC7D-475F-A518-C8E13ECDB201}.Debug_DLL|x86.Build.0 = Debug|x86
		{C722B85E-FC7D-475F-A518-C8E13ECDB201}.Debug_LIB|x64.ActiveCfg = Release|x86
		{C722B85E-FC7D-475F-A518-C8E13ECDB201}.Debug_LIB|x64.Build.0 = Release|x86
		{C722B85E-FC7D-475F-A518-C8E13ECDB201}.Debug_LIB|x86.ActiveCfg = Debug|x86
		{C722B85E-FC7D-475F-A518-C8E13ECDB201}.Debug_LIB|x86.Build.0 = Debug|x86
		{C722B85E-FC7D-475F-A518-C8E13ECDB201}.Debug|x64.ActiveCfg = Debug|x86
		{C722B85E-FC7D-475F-A518-C8E13ECDB201}.Debug|x86.ActiveCfg = Debug|x86
		{C722B85E-FC7D-475F-A518-C8E13ECDB201}.Debug|x86.Build.0 = Debug|x86
		{C722B85E-FC7D-475F-A518-C8E13ECDB201}.Release_DLL|x64.ActiveCfg = Release|x86
		{C722B85E-FC7D-475F-A518-C8E13ECDB201}.Release_DLL|x64.Build.0 = Release|x86
		{C722B85E-FC7D-475F-A518-C8E13ECDB201}.Release_DLL|x86.ActiveCfg = Release|x86
		{C722B85E-FC7D-475F-A518-C8E13ECDB201}.Release_DLL|x86.Build.0 = Release|x86
		{C722B85E-FC7D-475F-A518-C8E13ECDB201}.Release_LIB|x64.ActiveCfg = Release|x86
		{C722B85E-FC7D-475F-A518-C8E13ECDB201}.Release_LIB|x64.Build.0 = Release|x86
		{C722B85E-FC7D-475F-A518-C8E13ECDB201}.Release_LIB|x86.ActiveCfg = Release|x86
		{C722B85E-FC7D-475F-A518-C8E13ECDB201}.Release_LIB|x86.Build.0 = Release|x86
		{C722B85E-FC7D-475F-A518-C8E13ECDB201}.Release|x64.ActiveCfg = Release|x64
		{C722B85E-FC7D-475F-A518-C8E13ECDB201}.Release|x64.Build.0 = Release|x64
		{C722B85E-FC7D-475F-A518-C8E13ECDB201}.Release|x86.ActiveCfg = Release|x86
		{C722B85E-FC7D-475F-A518-C8E13ECDB201}.Release|x86.Build.0 = Release|x86
		{C2BA387E-D491-4FB7-8BEE-99D77E8949E7}.Debug_DLL|x64.ActiveCfg = Debug|Any CPU
		{C2BA387E-D491-4FB7-8BEE-99D77E8949E7}.Debug_DLL|x86.ActiveCfg = Debug|Any CPU
		{C2BA387E-D491-4FB7-8BEE-99D77E8949E7}.Debug_LIB|x64.ActiveCfg = Debug|Any CPU
		{C2BA387E-D491-4FB7-8BEE-99D77E8949E7}.Debug_LIB|x86.ActiveCfg = Debug|Any CPU
		{C2BA387E-D491-4FB7-8BEE-99D77E8949E7}.Debug|x64.ActiveCfg = Debug|Any CPU
		{C2BA387E-D491-4FB7-8BEE-99D77E8949E7}.Debug|x86.ActiveCfg = Debug|Any CPU
		{C2BA387E-D491-4FB7-8BEE-99D77E8949E7}.Release_DLL|x64.ActiveCfg = Release|Any CPU
		{C2BA387E-D491-4FB7-8BEE-99D77E8949E7}.Release_DLL|x86.ActiveCfg = Release|Any CPU
		{C2BA387E-D491-4FB7-8BEE-99D77E8949E7}.Release_LIB|x64.ActiveCfg = Release|Any CPU
		{C2BA387E-D491-4FB7-8BEE-99D77E8949E7}.Release_LIB|x86.ActiveCfg = Release|Any CPU
		{C2BA387E-D491-4FB7-8BEE-99D77E8949E7}.Release|x64.ActiveCfg = Release|Any CPU
		{C2BA387E-D491-4FB7-8BEE-99D77E8949E7}.Release|x86.ActiveCfg = Release|Any CPU
	EndGlobalSection
	GlobalSection(SolutionProperties) = preSolution
		HideSolutionNode = FALSE
	EndGlobalSection
	GlobalSection(NestedProjects) = preSolution
		{040101B0-EE5C-4EF1-99EE-9F81C795C001} = {0182EE0E-A2FB-4525-9FEA-1910B12B21C8}
		{7DB06674-1F4F-464B-8E1C-172E9587F9DC} = {733360FF-9D9F-4C67-86D1-B20881C17000}
		{C722B85E-FC7D-475F-A518-C8E13ECDB201} = {D138F6D3-3E59-49F6-8C6E-1C3AEB56CF7B}
	EndGlobalSection
	GlobalSection(ExtensibilityGlobals) = postSolution
		SolutionGuid = {D5CD61FD-80BB-4E0E-840C-BAF66ABB1CF0}
	EndGlobalSection
EndGlobal
